
Microsoft Visual Studio Solution File, Format Version 12.00
# Visual Studio Version 17
VisualStudioVersion = 17.1.32210.238
MinimumVisualStudioVersion = 10.0.40219.1
Project("{9A19103F-16F7-4668-BE54-9A1E7A4F7556}") = "Task1", "ConsoleApp1\Task1.csproj", "{EE427001-2D69-4A00-86F1-6B230750F3FE}"
EndProject
Project("{9A19103F-16F7-4668-BE54-9A1E7A4F7556}") = "Task3", "ConsoleApp3\Task3.csproj", "{FE5C0370-E839-4C4E-9977-951E95B6F0DA}"
EndProject
Project("{9A19103F-16F7-4668-BE54-9A1E7A4F7556}") = "Task4", "Task4\Task4.csproj", "{36475301-496F-47BC-A02D-DCFF76A7C910}"
EndProject
Project("{9A19103F-16F7-4668-BE54-9A1E7A4F7556}") = "Task5", "Task5\Task5.csproj", "{6C1E198F-B543-4E2D-B1BF-38D1D894BADD}"
EndProject
Project("{FAE04EC0-301F-11D3-BF4B-00C04F79EFBC}") = "Task2", "Task2\Task2.csproj", "{9917BD30-1EBA-41BA-AAAD-F6E65681FDDA}"
EndProject
Global
	GlobalSection(SolutionConfigurationPlatforms) = preSolution
		Debug|Any CPU = Debug|Any CPU
		Release|Any CPU = Release|Any CPU
	EndGlobalSection
	GlobalSection(ProjectConfigurationPlatforms) = postSolution
		{EE427001-2D69-4A00-86F1-6B230750F3FE}.Debug|Any CPU.ActiveCfg = Debug|Any CPU
		{EE427001-2D69-4A00-86F1-6B230750F3FE}.Debug|Any CPU.Build.0 = Debug|Any CPU
		{EE427001-2D69-4A00-86F1-6B230750F3FE}.Release|Any CPU.ActiveCfg = Release|Any CPU
		{EE427001-2D69-4A00-86F1-6B230750F3FE}.Release|Any CPU.Build.0 = Release|Any CPU
		{FE5C0370-E839-4C4E-9977-951E95B6F0DA}.Debug|Any CPU.ActiveCfg = Debug|Any CPU
		{FE5C0370-E839-4C4E-9977-951E95B6F0DA}.Debug|Any CPU.Build.0 = Debug|Any CPU
		{FE5C0370-E839-4C4E-9977-951E95B6F0DA}.Release|Any CPU.ActiveCfg = Release|Any CPU
		{FE5C0370-E839-4C4E-9977-951E95B6F0DA}.Release|Any CPU.Build.0 = Release|Any CPU
		{36475301-496F-47BC-A02D-DCFF76A7C910}.Debug|Any CPU.ActiveCfg = Debug|Any CPU
		{36475301-496F-47BC-A02D-DCFF76A7C910}.Debug|Any CPU.Build.0 = Debug|Any CPU
		{36475301-496F-47BC-A02D-DCFF76A7C910}.Release|Any CPU.ActiveCfg = Release|Any CPU
		{36475301-496F-47BC-A02D-DCFF76A7C910}.Release|Any CPU.Build.0 = Release|Any CPU
		{6C1E198F-B543-4E2D-B1BF-38D1D894BADD}.Debug|Any CPU.ActiveCfg = Debug|Any CPU
		{6C1E198F-B543-4E2D-B1BF-38D1D894BADD}.Debug|Any CPU.Build.0 = Debug|Any CPU
		{6C1E198F-B543-4E2D-B1BF-38D1D894BADD}.Release|Any CPU.ActiveCfg = Release|Any CPU
		{6C1E198F-B543-4E2D-B1BF-38D1D894BADD}.Release|Any CPU.Build.0 = Release|Any CPU
		{9917BD30-1EBA-41BA-AAAD-F6E65681FDDA}.Debug|Any CPU.ActiveCfg = Debug|Any CPU
		{9917BD30-1EBA-41BA-AAAD-F6E65681FDDA}.Debug|Any CPU.Build.0 = Debug|Any CPU
		{9917BD30-1EBA-41BA-AAAD-F6E65681FDDA}.Release|Any CPU.ActiveCfg = Release|Any CPU
		{9917BD30-1EBA-41BA-AAAD-F6E65681FDDA}.Release|Any CPU.Build.0 = Release|Any CPU
	EndGlobalSection
	GlobalSection(SolutionProperties) = preSolution
		HideSolutionNode = FALSE
	EndGlobalSection
	GlobalSection(ExtensibilityGlobals) = postSolution
		SolutionGuid = {B8C54358-ADC9-4FCA-A826-59B3FCB3A877}
	EndGlobalSection
EndGlobal
