
Microsoft Visual Studio Solution File, Format Version 12.00
# Visual Studio Version 17
VisualStudioVersion = 17.1.32210.238
MinimumVisualStudioVersion = 10.0.40219.1
Project("{9A19103F-16F7-4668-BE54-9A1E7A4F7556}") = "Task1", "Task1\Task1.csproj", "{70E4BDEE-CB8F-40AB-B22D-7E56942FD564}"
EndProject
Project("{9A19103F-16F7-4668-BE54-9A1E7A4F7556}") = "Task2", "Task2\Task2.csproj", "{67EA790B-37F6-4476-A128-9CBCD0DD8B94}"
EndProject
Project("{9A19103F-16F7-4668-BE54-9A1E7A4F7556}") = "Task3", "Task3\Task3.csproj", "{9B5D99FD-4264-44B5-ACC5-36513713F53B}"
EndProject
Project("{FAE04EC0-301F-11D3-BF4B-00C04F79EFBC}") = "Task4", "Task4\Task4.csproj", "{03EDD59C-16F3-401D-9381-AA62F59272A0}"
EndProject
Project("{FAE04EC0-301F-11D3-BF4B-00C04F79EFBC}") = "Task5", "Task5\Task5.csproj", "{5DD1AE1C-19AE-4B2D-BC94-4D76654C6432}"
EndProject
Project("{FAE04EC0-301F-11D3-BF4B-00C04F79EFBC}") = "Task6", "Task6\Task6.csproj", "{2818CFE2-C62F-43D5-890B-13E85C147A92}"
EndProject
Global
	GlobalSection(SolutionConfigurationPlatforms) = preSolution
		Debug|Any CPU = Debug|Any CPU
		Release|Any CPU = Release|Any CPU
	EndGlobalSection
	GlobalSection(ProjectConfigurationPlatforms) = postSolution
		{70E4BDEE-CB8F-40AB-B22D-7E56942FD564}.Debug|Any CPU.ActiveCfg = Debug|Any CPU
		{70E4BDEE-CB8F-40AB-B22D-7E56942FD564}.Debug|Any CPU.Build.0 = Debug|Any CPU
		{70E4BDEE-CB8F-40AB-B22D-7E56942FD564}.Release|Any CPU.ActiveCfg = Release|Any CPU
		{70E4BDEE-CB8F-40AB-B22D-7E56942FD564}.Release|Any CPU.Build.0 = Release|Any CPU
		{67EA790B-37F6-4476-A128-9CBCD0DD8B94}.Debug|Any CPU.ActiveCfg = Debug|Any CPU
		{67EA790B-37F6-4476-A128-9CBCD0DD8B94}.Debug|Any CPU.Build.0 = Debug|Any CPU
		{67EA790B-37F6-4476-A128-9CBCD0DD8B94}.Release|Any CPU.ActiveCfg = Release|Any CPU
		{67EA790B-37F6-4476-A128-9CBCD0DD8B94}.Release|Any CPU.Build.0 = Release|Any CPU
		{9B5D99FD-4264-44B5-ACC5-36513713F53B}.Debug|Any CPU.ActiveCfg = Debug|Any CPU
		{9B5D99FD-4264-44B5-ACC5-36513713F53B}.Debug|Any CPU.Build.0 = Debug|Any CPU
		{9B5D99FD-4264-44B5-ACC5-36513713F53B}.Release|Any CPU.ActiveCfg = Release|Any CPU
		{9B5D99FD-4264-44B5-ACC5-36513713F53B}.Release|Any CPU.Build.0 = Release|Any CPU
		{03EDD59C-16F3-401D-9381-AA62F59272A0}.Debug|Any CPU.ActiveCfg = Debug|Any CPU
		{03EDD59C-16F3-401D-9381-AA62F59272A0}.Debug|Any CPU.Build.0 = Debug|Any CPU
		{03EDD59C-16F3-401D-9381-AA62F59272A0}.Release|Any CPU.ActiveCfg = Release|Any CPU
		{03EDD59C-16F3-401D-9381-AA62F59272A0}.Release|Any CPU.Build.0 = Release|Any CPU
		{5DD1AE1C-19AE-4B2D-BC94-4D76654C6432}.Debug|Any CPU.ActiveCfg = Debug|Any CPU
		{5DD1AE1C-19AE-4B2D-BC94-4D76654C6432}.Debug|Any CPU.Build.0 = Debug|Any CPU
		{5DD1AE1C-19AE-4B2D-BC94-4D76654C6432}.Release|Any CPU.ActiveCfg = Release|Any CPU
		{5DD1AE1C-19AE-4B2D-BC94-4D76654C6432}.Release|Any CPU.Build.0 = Release|Any CPU
		{2818CFE2-C62F-43D5-890B-13E85C147A92}.Debug|Any CPU.ActiveCfg = Debug|Any CPU
		{2818CFE2-C62F-43D5-890B-13E85C147A92}.Debug|Any CPU.Build.0 = Debug|Any CPU
		{2818CFE2-C62F-43D5-890B-13E85C147A92}.Release|Any CPU.ActiveCfg = Release|Any CPU
		{2818CFE2-C62F-43D5-890B-13E85C147A92}.Release|Any CPU.Build.0 = Release|Any CPU
	EndGlobalSection
	GlobalSection(SolutionProperties) = preSolution
		HideSolutionNode = FALSE
	EndGlobalSection
	GlobalSection(ExtensibilityGlobals) = postSolution
		SolutionGuid = {3EDAA385-E24A-4888-8705-6C2E9849DE91}
	EndGlobalSection
EndGlobal
